
Microsoft Visual Studio Solution File, Format Version 12.00
# Visual Studio 15
VisualStudioVersion = 15.0.28010.2050
MinimumVisualStudioVersion = 10.0.40219.1
Project("{888888A0-9F3D-457C-B088-3A5042F75D52}") = "resolution_validation", "resolution_validation\resolution_validation.pyproj", "{53999D93-0A57-4EC2-8CEC-3628EB2EF749}"
EndProject
Global
	GlobalSection(SolutionConfigurationPlatforms) = preSolution
		Debug|Any CPU = Debug|Any CPU
		Release|Any CPU = Release|Any CPU
	EndGlobalSection
	GlobalSection(ProjectConfigurationPlatforms) = postSolution
		{53999D93-0A57-4EC2-8CEC-3628EB2EF749}.Debug|Any CPU.ActiveCfg = Debug|Any CPU
		{53999D93-0A57-4EC2-8CEC-3628EB2EF749}.Release|Any CPU.ActiveCfg = Release|Any CPU
	EndGlobalSection
	GlobalSection(SolutionProperties) = preSolution
		HideSolutionNode = FALSE
	EndGlobalSection
	GlobalSection(ExtensibilityGlobals) = postSolution
		SolutionGuid = {15EB2955-1BFD-4E70-8089-1F4C78169D8C}
	EndGlobalSection
EndGlobal
